
Microsoft Visual Studio Solution File, Format Version 12.00
# Visual Studio 15
VisualStudioVersion = 15.0.27428.2015
MinimumVisualStudioVersion = 10.0.40219.1
Project("{2150E333-8FDC-42A3-9474-1A3956D46DE8}") = "林业系统", "林业系统", "{D36146FF-9D5D-4319-8372-296852A1C679}"
EndProject
Project("{FAE04EC0-301F-11D3-BF4B-00C04F79EFBC}") = "Data", "林业系统\Data\Data.csproj", "{0ECB24D9-889E-43E8-BE4F-C24D87728C12}"
EndProject
Project("{2150E333-8FDC-42A3-9474-1A3956D46DE8}") = "Portal", "Portal", "{999DE4A3-29C4-4B5F-97B9-AF9092E84259}"
EndProject
Project("{2150E333-8FDC-42A3-9474-1A3956D46DE8}") = "OtherSystem", "OtherSystem", "{9AEC632E-65E8-4CAB-AAA5-FD452B1DC82E}"
EndProject
Project("{FAE04EC0-301F-11D3-BF4B-00C04F79EFBC}") = "Data", "OtherSystem\Data\Data.csproj", "{3F98296E-5AD5-4E63-AB47-92F733A62567}"
EndProject
Project("{FAE04EC0-301F-11D3-BF4B-00C04F79EFBC}") = "Web", "Portal\Web\Web.csproj", "{6B032268-E612-4659-9AA7-C9AA7C3DE6A0}"
EndProject
Project("{FAE04EC0-301F-11D3-BF4B-00C04F79EFBC}") = "Wcf", "Portal\Wcf\Wcf.csproj", "{9EE93A69-46B7-4138-95E2-E4641216EC7F}"
EndProject
Global
	GlobalSection(SolutionConfigurationPlatforms) = preSolution
		Debug|Any CPU = Debug|Any CPU
		Release|Any CPU = Release|Any CPU
	EndGlobalSection
	GlobalSection(ProjectConfigurationPlatforms) = postSolution
		{0ECB24D9-889E-43E8-BE4F-C24D87728C12}.Debug|Any CPU.ActiveCfg = Debug|Any CPU
		{0ECB24D9-889E-43E8-BE4F-C24D87728C12}.Debug|Any CPU.Build.0 = Debug|Any CPU
		{0ECB24D9-889E-43E8-BE4F-C24D87728C12}.Release|Any CPU.ActiveCfg = Release|Any CPU
		{0ECB24D9-889E-43E8-BE4F-C24D87728C12}.Release|Any CPU.Build.0 = Release|Any CPU
		{3F98296E-5AD5-4E63-AB47-92F733A62567}.Debug|Any CPU.ActiveCfg = Debug|Any CPU
		{3F98296E-5AD5-4E63-AB47-92F733A62567}.Debug|Any CPU.Build.0 = Debug|Any CPU
		{3F98296E-5AD5-4E63-AB47-92F733A62567}.Release|Any CPU.ActiveCfg = Release|Any CPU
		{3F98296E-5AD5-4E63-AB47-92F733A62567}.Release|Any CPU.Build.0 = Release|Any CPU
		{6B032268-E612-4659-9AA7-C9AA7C3DE6A0}.Debug|Any CPU.ActiveCfg = Debug|Any CPU
		{6B032268-E612-4659-9AA7-C9AA7C3DE6A0}.Debug|Any CPU.Build.0 = Debug|Any CPU
		{6B032268-E612-4659-9AA7-C9AA7C3DE6A0}.Release|Any CPU.ActiveCfg = Release|Any CPU
		{6B032268-E612-4659-9AA7-C9AA7C3DE6A0}.Release|Any CPU.Build.0 = Release|Any CPU
		{9EE93A69-46B7-4138-95E2-E4641216EC7F}.Debug|Any CPU.ActiveCfg = Debug|Any CPU
		{9EE93A69-46B7-4138-95E2-E4641216EC7F}.Debug|Any CPU.Build.0 = Debug|Any CPU
		{9EE93A69-46B7-4138-95E2-E4641216EC7F}.Release|Any CPU.ActiveCfg = Release|Any CPU
		{9EE93A69-46B7-4138-95E2-E4641216EC7F}.Release|Any CPU.Build.0 = Release|Any CPU
	EndGlobalSection
	GlobalSection(SolutionProperties) = preSolution
		HideSolutionNode = FALSE
	EndGlobalSection
	GlobalSection(NestedProjects) = preSolution
		{0ECB24D9-889E-43E8-BE4F-C24D87728C12} = {D36146FF-9D5D-4319-8372-296852A1C679}
		{3F98296E-5AD5-4E63-AB47-92F733A62567} = {9AEC632E-65E8-4CAB-AAA5-FD452B1DC82E}
		{6B032268-E612-4659-9AA7-C9AA7C3DE6A0} = {999DE4A3-29C4-4B5F-97B9-AF9092E84259}
		{9EE93A69-46B7-4138-95E2-E4641216EC7F} = {999DE4A3-29C4-4B5F-97B9-AF9092E84259}
	EndGlobalSection
	GlobalSection(ExtensibilityGlobals) = postSolution
		SolutionGuid = {4065C97B-35DB-4625-B421-FF5E2CA39B56}
	EndGlobalSection
EndGlobal
